// !$*UTF8*$!
{
	archiveVersion = 1;
	classes = {
	};
	objectVersion = 56;
	objects = {

/* Begin PBXBuildFile section */
		DB237CC6296FFF16008DE25A /* CoreDataNSAttributedStringTransformerExampleApp.swift in Sources */ = {isa = PBXBuildFile; fileRef = DB237CC5296FFF16008DE25A /* CoreDataNSAttributedStringTransformerExampleApp.swift */; };
		DB237CC8296FFF16008DE25A /* Persistence.swift in Sources */ = {isa = PBXBuildFile; fileRef = DB237CC7296FFF16008DE25A /* Persistence.swift */; };
		DB237CCB296FFF16008DE25A /* CoreDataNSAttributedStringTransformerExample.xcdatamodeld in Sources */ = {isa = PBXBuildFile; fileRef = DB237CC9296FFF16008DE25A /* CoreDataNSAttributedStringTransformerExample.xcdatamodeld */; };
		DB237CCD296FFF16008DE25A /* ContentView.swift in Sources */ = {isa = PBXBuildFile; fileRef = DB237CCC296FFF16008DE25A /* ContentView.swift */; };
		DB237CCF296FFF17008DE25A /* Assets.xcassets in Resources */ = {isa = PBXBuildFile; fileRef = DB237CCE296FFF17008DE25A /* Assets.xcassets */; };
		DB237CD3296FFF17008DE25A /* Preview Assets.xcassets in Resources */ = {isa = PBXBuildFile; fileRef = DB237CD2296FFF17008DE25A /* Preview Assets.xcassets */; };
		DB237CDA296FFFB9008DE25A /* Note.swift in Sources */ = {isa = PBXBuildFile; fileRef = DB237CD9296FFFB9008DE25A /* Note.swift */; };
		DB237CDC2970002B008DE25A /* NSAttributedStringTransformer.swift in Sources */ = {isa = PBXBuildFile; fileRef = DB237CDB2970002B008DE25A /* NSAttributedStringTransformer.swift */; };
		DB237CDE297001F3008DE25A /* RichTextView.swift in Sources */ = {isa = PBXBuildFile; fileRef = DB237CDD297001F3008DE25A /* RichTextView.swift */; };
/* End PBXBuildFile section */

/* Begin PBXFileReference section */
		DB237CC2296FFF16008DE25A /* CoreDataNSAttributedStringTransformerExample.app */ = {isa = PBXFileReference; explicitFileType = wrapper.application; includeInIndex = 0; path = CoreDataNSAttributedStringTransformerExample.app; sourceTree = BUILT_PRODUCTS_DIR; };
		DB237CC5296FFF16008DE25A /* CoreDataNSAttributedStringTransformerExampleApp.swift */ = {isa = PBXFileReference; lastKnownFileType = sourcecode.swift; path = CoreDataNSAttributedStringTransformerExampleApp.swift; sourceTree = "<group>"; };
		DB237CC7296FFF16008DE25A /* Persistence.swift */ = {isa = PBXFileReference; lastKnownFileType = sourcecode.swift; path = Persistence.swift; sourceTree = "<group>"; };
		DB237CCA296FFF16008DE25A /* CoreDataNSAttributedStringTransformerExample.xcdatamodel */ = {isa = PBXFileReference; lastKnownFileType = wrapper.xcdatamodel; path = CoreDataNSAttributedStringTransformerExample.xcdatamodel; sourceTree = "<group>"; };
		DB237CCC296FFF16008DE25A /* ContentView.swift */ = {isa = PBXFileReference; lastKnownFileType = sourcecode.swift; path = ContentView.swift; sourceTree = "<group>"; };
		DB237CCE296FFF17008DE25A /* Assets.xcassets */ = {isa = PBXFileReference; lastKnownFileType = folder.assetcatalog; path = Assets.xcassets; sourceTree = "<group>"; };
		DB237CD0296FFF17008DE25A /* CoreDataNSAttributedStringTransformerExample.entitlements */ = {isa = PBXFileReference; lastKnownFileType = text.plist.entitlements; path = CoreDataNSAttributedStringTransformerExample.entitlements; sourceTree = "<group>"; };
		DB237CD2296FFF17008DE25A /* Preview Assets.xcassets */ = {isa = PBXFileReference; lastKnownFileType = folder.assetcatalog; path = "Preview Assets.xcassets"; sourceTree = "<group>"; };
		DB237CD9296FFFB9008DE25A /* Note.swift */ = {isa = PBXFileReference; lastKnownFileType = sourcecode.swift; path = Note.swift; sourceTree = "<group>"; };
		DB237CDB2970002B008DE25A /* NSAttributedStringTransformer.swift */ = {isa = PBXFileReference; lastKnownFileType = sourcecode.swift; path = NSAttributedStringTransformer.swift; sourceTree = "<group>"; };
		DB237CDD297001F3008DE25A /* RichTextView.swift */ = {isa = PBXFileReference; lastKnownFileType = sourcecode.swift; path = RichTextView.swift; sourceTree = "<group>"; };
		DB237CDF29700669008DE25A /* README.md */ = {isa = PBXFileReference; lastKnownFileType = net.daringfireball.markdown; path = README.md; sourceTree = "<group>"; };
/* End PBXFileReference section */

/* Begin PBXFrameworksBuildPhase section */
		DB237CBF296FFF16008DE25A /* Frameworks */ = {
			isa = PBXFrameworksBuildPhase;
			buildActionMask = 2147483647;
			files = (
			);
			runOnlyForDeploymentPostprocessing = 0;
		};
/* End PBXFrameworksBuildPhase section */

/* Begin PBXGroup section */
		DB237CB9296FFF16008DE25A = {
			isa = PBXGroup;
			children = (
				DB237CC4296FFF16008DE25A /* CoreDataNSAttributedStringTransformerExample */,
				DB237CC3296FFF16008DE25A /* Products */,
			);
			sourceTree = "<group>";
		};
		DB237CC3296FFF16008DE25A /* Products */ = {
			isa = PBXGroup;
			children = (
				DB237CC2296FFF16008DE25A /* CoreDataNSAttributedStringTransformerExample.app */,
			);
			name = Products;
			sourceTree = "<group>";
		};
		DB237CC4296FFF16008DE25A /* CoreDataNSAttributedStringTransformerExample */ = {
			isa = PBXGroup;
			children = (
				DB237CDF29700669008DE25A /* README.md */,
				DB237CC5296FFF16008DE25A /* CoreDataNSAttributedStringTransformerExampleApp.swift */,
				DB237CCC296FFF16008DE25A /* ContentView.swift */,
				DB237CD9296FFFB9008DE25A /* Note.swift */,
				DB237CDD297001F3008DE25A /* RichTextView.swift */,
				DB237CC7296FFF16008DE25A /* Persistence.swift */,
				DB237CDB2970002B008DE25A /* NSAttributedStringTransformer.swift */,
				DB237CCE296FFF17008DE25A /* Assets.xcassets */,
				DB237CD0296FFF17008DE25A /* CoreDataNSAttributedStringTransformerExample.entitlements */,
				DB237CC9296FFF16008DE25A /* CoreDataNSAttributedStringTransformerExample.xcdatamodeld */,
				DB237CD1296FFF17008DE25A /* Preview Content */,
			);
			path = CoreDataNSAttributedStringTransformerExample;
			sourceTree = "<group>";
		};
		DB237CD1296FFF17008DE25A /* Preview Content */ = {
			isa = PBXGroup;
			children = (
				DB237CD2296FFF17008DE25A /* Preview Assets.xcassets */,
			);
			path = "Preview Content";
			sourceTree = "<group>";
		};
/* End PBXGroup section */

/* Begin PBXNativeTarget section */
		DB237CC1296FFF16008DE25A /* CoreDataNSAttributedStringTransformerExample */ = {
			isa = PBXNativeTarget;
			buildConfigurationList = DB237CD6296FFF17008DE25A /* Build configuration list for PBXNativeTarget "CoreDataNSAttributedStringTransformerExample" */;
			buildPhases = (
				DB237CBE296FFF16008DE25A /* Sources */,
				DB237CBF296FFF16008DE25A /* Frameworks */,
				DB237CC0296FFF16008DE25A /* Resources */,
			);
			buildRules = (
			);
			dependencies = (
			);
			name = CoreDataNSAttributedStringTransformerExample;
			productName = CoreDataNSAttributedStringTransformerExample;
			productReference = DB237CC2296FFF16008DE25A /* CoreDataNSAttributedStringTransformerExample.app */;
			productType = "com.apple.product-type.application";
		};
/* End PBXNativeTarget section */

/* Begin PBXProject section */
		DB237CBA296FFF16008DE25A /* Project object */ = {
			isa = PBXProject;
			attributes = {
				BuildIndependentTargetsInParallel = 1;
				LastSwiftUpdateCheck = 1420;
				LastUpgradeCheck = 1420;
				TargetAttributes = {
					DB237CC1296FFF16008DE25A = {
						CreatedOnToolsVersion = 14.2;
					};
				};
			};
			buildConfigurationList = DB237CBD296FFF16008DE25A /* Build configuration list for PBXProject "CoreDataNSAttributedStringTransformerExample" */;
			compatibilityVersion = "Xcode 14.0";
			developmentRegion = en;
			hasScannedForEncodings = 0;
			knownRegions = (
				en,
				Base,
			);
			mainGroup = DB237CB9296FFF16008DE25A;
			productRefGroup = DB237CC3296FFF16008DE25A /* Products */;
			projectDirPath = "";
			projectRoot = "";
			targets = (
				DB237CC1296FFF16008DE25A /* CoreDataNSAttributedStringTransformerExample */,
			);
		};
/* End PBXProject section */

/* Begin PBXResourcesBuildPhase section */
		DB237CC0296FFF16008DE25A /* Resources */ = {
			isa = PBXResourcesBuildPhase;
			buildActionMask = 2147483647;
			files = (
				DB237CD3296FFF17008DE25A /* Preview Assets.xcassets in Resources */,
				DB237CCF296FFF17008DE25A /* Assets.xcassets in Resources */,
			);
			runOnlyForDeploymentPostprocessing = 0;
		};
/* End PBXResourcesBuildPhase section */

/* Begin PBXSourcesBuildPhase section */
		DB237CBE296FFF16008DE25A /* Sources */ = {
			isa = PBXSourcesBuildPhase;
			buildActionMask = 2147483647;
			files = (
				DB237CDA296FFFB9008DE25A /* Note.swift in Sources */,
				DB237CC6296FFF16008DE25A /* CoreDataNSAttributedStringTransformerExampleApp.swift in Sources */,
				DB237CCB296FFF16008DE25A /* CoreDataNSAttributedStringTransformerExample.xcdatamodeld in Sources */,
				DB237CDC2970002B008DE25A /* NSAttributedStringTransformer.swift in Sources */,
				DB237CCD296FFF16008DE25A /* ContentView.swift in Sources */,
				DB237CDE297001F3008DE25A /* RichTextView.swift in Sources */,
				DB237CC8296FFF16008DE25A /* Persistence.swift in Sources */,
			);
			runOnlyForDeploymentPostprocessing = 0;
		};
/* End PBXSourcesBuildPhase section */

/* Begin XCBuildConfiguration section */
		DB237CD4296FFF17008DE25A /* Debug */ = {
			isa = XCBuildConfiguration;
			buildSettings = {
				ALWAYS_SEARCH_USER_PATHS = NO;
				CLANG_ANALYZER_NONNULL = YES;
				CLANG_ANALYZER_NUMBER_OBJECT_CONVERSION = YES_AGGRESSIVE;
				CLANG_CXX_LANGUAGE_STANDARD = "gnu++20";
				CLANG_ENABLE_MODULES = YES;
				CLANG_ENABLE_OBJC_ARC = YES;
				CLANG_ENABLE_OBJC_WEAK = YES;
				CLANG_WARN_BLOCK_CAPTURE_AUTORELEASING = YES;
				CLANG_WARN_BOOL_CONVERSION = YES;
				CLANG_WARN_COMMA = YES;
				CLANG_WARN_CONSTANT_CONVERSION = YES;
				CLANG_WARN_DEPRECATED_OBJC_IMPLEMENTATIONS = YES;
				CLANG_WARN_DIRECT_OBJC_ISA_USAGE = YES_ERROR;
				CLANG_WARN_DOCUMENTATION_COMMENTS = YES;
				CLANG_WARN_EMPTY_BODY = YES;
				CLANG_WARN_ENUM_CONVERSION = YES;
				CLANG_WARN_INFINITE_RECURSION = YES;
				CLANG_WARN_INT_CONVERSION = YES;
				CLANG_WARN_NON_LITERAL_NULL_CONVERSION = YES;
				CLANG_WARN_OBJC_IMPLICIT_RETAIN_SELF = YES;
				CLANG_WARN_OBJC_LITERAL_CONVERSION = YES;
				CLANG_WARN_OBJC_ROOT_CLASS = YES_ERROR;
				CLANG_WARN_QUOTED_INCLUDE_IN_FRAMEWORK_HEADER = YES;
				CLANG_WARN_RANGE_LOOP_ANALYSIS = YES;
				CLANG_WARN_STRICT_PROTOTYPES = YES;
				CLANG_WARN_SUSPICIOUS_MOVE = YES;
				CLANG_WARN_UNGUARDED_AVAILABILITY = YES_AGGRESSIVE;
				CLANG_WARN_UNREACHABLE_CODE = YES;
				CLANG_WARN__DUPLICATE_METHOD_MATCH = YES;
				COPY_PHASE_STRIP = NO;
				DEBUG_INFORMATION_FORMAT = dwarf;
				ENABLE_STRICT_OBJC_MSGSEND = YES;
				ENABLE_TESTABILITY = YES;
				GCC_C_LANGUAGE_STANDARD = gnu11;
				GCC_DYNAMIC_NO_PIC = NO;
				GCC_NO_COMMON_BLOCKS = YES;
				GCC_OPTIMIZATION_LEVEL = 0;
				GCC_PREPROCESSOR_DEFINITIONS = (
					"DEBUG=1",
					"$(inherited)",
				);
				GCC_WARN_64_TO_32_BIT_CONVERSION = YES;
				GCC_WARN_ABOUT_RETURN_TYPE = YES_ERROR;
				GCC_WARN_UNDECLARED_SELECTOR = YES;
				GCC_WARN_UNINITIALIZED_AUTOS = YES_AGGRESSIVE;
				GCC_WARN_UNUSED_FUNCTION = YES;
				GCC_WARN_UNUSED_VARIABLE = YES;
				MTL_ENABLE_DEBUG_INFO = INCLUDE_SOURCE;
				MTL_FAST_MATH = YES;
				ONLY_ACTIVE_ARCH = YES;
				SWIFT_ACTIVE_COMPILATION_CONDITIONS = DEBUG;
				SWIFT_OPTIMIZATION_LEVEL = "-Onone";
			};
			name = Debug;
		};
		DB237CD5296FFF17008DE25A /* Release */ = {
			isa = XCBuildConfiguration;
			buildSettings = {
				ALWAYS_SEARCH_USER_PATHS = NO;
				CLANG_ANALYZER_NONNULL = YES;
				CLANG_ANALYZER_NUMBER_OBJECT_CONVERSION = YES_AGGRESSIVE;
				CLANG_CXX_LANGUAGE_STANDARD = "gnu++20";
				CLANG_ENABLE_MODULES = YES;
				CLANG_ENABLE_OBJC_ARC = YES;
				CLANG_ENABLE_OBJC_WEAK = YES;
				CLANG_WARN_BLOCK_CAPTURE_AUTORELEASING = YES;
				CLANG_WARN_BOOL_CONVERSION = YES;
				CLANG_WARN_COMMA = YES;
				CLANG_WARN_CONSTANT_CONVERSION = YES;
				CLANG_WARN_DEPRECATED_OBJC_IMPLEMENTATIONS = YES;
				CLANG_WARN_DIRECT_OBJC_ISA_USAGE = YES_ERROR;
				CLANG_WARN_DOCUMENTATION_COMMENTS = YES;
				CLANG_WARN_EMPTY_BODY = YES;
				CLANG_WARN_ENUM_CONVERSION = YES;
				CLANG_WARN_INFINITE_RECURSION = YES;
				CLANG_WARN_INT_CONVERSION = YES;
				CLANG_WARN_NON_LITERAL_NULL_CONVERSION = YES;
				CLANG_WARN_OBJC_IMPLICIT_RETAIN_SELF = YES;
				CLANG_WARN_OBJC_LITERAL_CONVERSION = YES;
				CLANG_WARN_OBJC_ROOT_CLASS = YES_ERROR;
				CLANG_WARN_QUOTED_INCLUDE_IN_FRAMEWORK_HEADER = YES;
				CLANG_WARN_RANGE_LOOP_ANALYSIS = YES;
				CLANG_WARN_STRICT_PROTOTYPES = YES;
				CLANG_WARN_SUSPICIOUS_MOVE = YES;
				CLANG_WARN_UNGUARDED_AVAILABILITY = YES_AGGRESSIVE;
				CLANG_WARN_UNREACHABLE_CODE = YES;
				CLANG_WARN__DUPLICATE_METHOD_MATCH = YES;
				COPY_PHASE_STRIP = NO;
				DEBUG_INFORMATION_FORMAT = "dwarf-with-dsym";
				ENABLE_NS_ASSERTIONS = NO;
				ENABLE_STRICT_OBJC_MSGSEND = YES;
				GCC_C_LANGUAGE_STANDARD = gnu11;
				GCC_NO_COMMON_BLOCKS = YES;
				GCC_WARN_64_TO_32_BIT_CONVERSION = YES;
				GCC_WARN_ABOUT_RETURN_TYPE = YES_ERROR;
				GCC_WARN_UNDECLARED_SELECTOR = YES;
				GCC_WARN_UNINITIALIZED_AUTOS = YES_AGGRESSIVE;
				GCC_WARN_UNUSED_FUNCTION = YES;
				GCC_WARN_UNUSED_VARIABLE = YES;
				MTL_ENABLE_DEBUG_INFO = NO;
				MTL_FAST_MATH = YES;
				SWIFT_COMPILATION_MODE = wholemodule;
				SWIFT_OPTIMIZATION_LEVEL = "-O";
			};
			name = Release;
		};
		DB237CD7296FFF17008DE25A /* Debug */ = {
			isa = XCBuildConfiguration;
			buildSettings = {
				ASSETCATALOG_COMPILER_APPICON_NAME = AppIcon;
				ASSETCATALOG_COMPILER_GLOBAL_ACCENT_COLOR_NAME = AccentColor;
				CODE_SIGN_ENTITLEMENTS = CoreDataNSAttributedStringTransformerExample/CoreDataNSAttributedStringTransformerExample.entitlements;
				CODE_SIGN_STYLE = Automatic;
				CURRENT_PROJECT_VERSION = 1;
				DEVELOPMENT_ASSET_PATHS = "\"CoreDataNSAttributedStringTransformerExample/Preview Content\"";
				DEVELOPMENT_TEAM = 3P8J6ZLDK3;
				ENABLE_HARDENED_RUNTIME = YES;
				ENABLE_PREVIEWS = YES;
				GENERATE_INFOPLIST_FILE = YES;
				"INFOPLIST_KEY_UIApplicationSceneManifest_Generation[sdk=iphoneos*]" = YES;
				"INFOPLIST_KEY_UIApplicationSceneManifest_Generation[sdk=iphonesimulator*]" = YES;
				"INFOPLIST_KEY_UIApplicationSupportsIndirectInputEvents[sdk=iphoneos*]" = YES;
				"INFOPLIST_KEY_UIApplicationSupportsIndirectInputEvents[sdk=iphonesimulator*]" = YES;
				"INFOPLIST_KEY_UILaunchScreen_Generation[sdk=iphoneos*]" = YES;
				"INFOPLIST_KEY_UILaunchScreen_Generation[sdk=iphonesimulator*]" = YES;
				"INFOPLIST_KEY_UIStatusBarStyle[sdk=iphoneos*]" = UIStatusBarStyleDefault;
				"INFOPLIST_KEY_UIStatusBarStyle[sdk=iphonesimulator*]" = UIStatusBarStyleDefault;
				INFOPLIST_KEY_UISupportedInterfaceOrientations_iPad = "UIInterfaceOrientationPortrait UIInterfaceOrientationPortraitUpsideDown UIInterfaceOrientationLandscapeLeft UIInterfaceOrientationLandscapeRight";
				INFOPLIST_KEY_UISupportedInterfaceOrientations_iPhone = "UIInterfaceOrientationPortrait UIInterfaceOrientationLandscapeLeft UIInterfaceOrientationLandscapeRight";
				IPHONEOS_DEPLOYMENT_TARGET = 16.2;
				LD_RUNPATH_SEARCH_PATHS = "@executable_path/Frameworks";
				"LD_RUNPATH_SEARCH_PATHS[sdk=macosx*]" = "@executable_path/../Frameworks";
				MACOSX_DEPLOYMENT_TARGET = 13.1;
				MARKETING_VERSION = 1.0;
				PRODUCT_BUNDLE_IDENTIFIER = com.yueyuemax.CoreDataNSAttributedStringTransformerExample;
				PRODUCT_NAME = "$(TARGET_NAME)";
				SDKROOT = auto;
				SUPPORTED_PLATFORMS = "iphoneos iphonesimulator macosx";
				SWIFT_EMIT_LOC_STRINGS = YES;
				SWIFT_VERSION = 5.0;
				TARGETED_DEVICE_FAMILY = "1,2";
			};
			name = Debug;
		};
		DB237CD8296FFF17008DE25A /* Release */ = {
			isa = XCBuildConfiguration;
			buildSettings = {
				ASSETCATALOG_COMPILER_APPICON_NAME = AppIcon;
				ASSETCATALOG_COMPILER_GLOBAL_ACCENT_COLOR_NAME = AccentColor;
				CODE_SIGN_ENTITLEMENTS = CoreDataNSAttributedStringTransformerExample/CoreDataNSAttributedStringTransformerExample.entitlements;
				CODE_SIGN_STYLE = Automatic;
				CURRENT_PROJECT_VERSION = 1;
				DEVELOPMENT_ASSET_PATHS = "\"CoreDataNSAttributedStringTransformerExample/Preview Content\"";
				DEVELOPMENT_TEAM = 3P8J6ZLDK3;
				ENABLE_HARDENED_RUNTIME = YES;
				ENABLE_PREVIEWS = YES;
				GENERATE_INFOPLIST_FILE = YES;
				"INFOPLIST_KEY_UIApplicationSceneManifest_Generation[sdk=iphoneos*]" = YES;
				"INFOPLIST_KEY_UIApplicationSceneManifest_Generation[sdk=iphonesimulator*]" = YES;
				"INFOPLIST_KEY_UIApplicationSupportsIndirectInputEvents[sdk=iphoneos*]" = YES;
				"INFOPLIST_KEY_UIApplicationSupportsIndirectInputEvents[sdk=iphonesimulator*]" = YES;
				"INFOPLIST_KEY_UILaunchScreen_Generation[sdk=iphoneos*]" = YES;
				"INFOPLIST_KEY_UILaunchScreen_Generation[sdk=iphonesimulator*]" = YES;
				"INFOPLIST_KEY_UIStatusBarStyle[sdk=iphoneos*]" = UIStatusBarStyleDefault;
				"INFOPLIST_KEY_UIStatusBarStyle[sdk=iphonesimulator*]" = UIStatusBarStyleDefault;
				INFOPLIST_KEY_UISupportedInterfaceOrientations_iPad = "UIInterfaceOrientationPortrait UIInterfaceOrientationPortraitUpsideDown UIInterfaceOrientationLandscapeLeft UIInterfaceOrientationLandscapeRight";
				INFOPLIST_KEY_UISupportedInterfaceOrientations_iPhone = "UIInterfaceOrientationPortrait UIInterfaceOrientationLandscapeLeft UIInterfaceOrientationLandscapeRight";
				IPHONEOS_DEPLOYMENT_TARGET = 16.2;
				LD_RUNPATH_SEARCH_PATHS = "@executable_path/Frameworks";
				"LD_RUNPATH_SEARCH_PATHS[sdk=macosx*]" = "@executable_path/../Frameworks";
				MACOSX_DEPLOYMENT_TARGET = 13.1;
				MARKETING_VERSION = 1.0;
				PRODUCT_BUNDLE_IDENTIFIER = com.yueyuemax.CoreDataNSAttributedStringTransformerExample;
				PRODUCT_NAME = "$(TARGET_NAME)";
				SDKROOT = auto;
				SUPPORTED_PLATFORMS = "iphoneos iphonesimulator macosx";
				SWIFT_EMIT_LOC_STRINGS = YES;
				SWIFT_VERSION = 5.0;
				TARGETED_DEVICE_FAMILY = "1,2";
			};
			name = Release;
		};
/* End XCBuildConfiguration section */

/* Begin XCConfigurationList section */
		DB237CBD296FFF16008DE25A /* Build configuration list for PBXProject "CoreDataNSAttributedStringTransformerExample" */ = {
			isa = XCConfigurationList;
			buildConfigurations = (
				DB237CD4296FFF17008DE25A /* Debug */,
				DB237CD5296FFF17008DE25A /* Release */,
			);
			defaultConfigurationIsVisible = 0;
			defaultConfigurationName = Release;
		};
		DB237CD6296FFF17008DE25A /* Build configuration list for PBXNativeTarget "CoreDataNSAttributedStringTransformerExample" */ = {
			isa = XCConfigurationList;
			buildConfigurations = (
				DB237CD7296FFF17008DE25A /* Debug */,
				DB237CD8296FFF17008DE25A /* Release */,
			);
			defaultConfigurationIsVisible = 0;
			defaultConfigurationName = Release;
		};
/* End XCConfigurationList section */

/* Begin XCVersionGroup section */
		DB237CC9296FFF16008DE25A /* CoreDataNSAttributedStringTransformerExample.xcdatamodeld */ = {
			isa = XCVersionGroup;
			children = (
				DB237CCA296FFF16008DE25A /* CoreDataNSAttributedStringTransformerExample.xcdatamodel */,
			);
			currentVersion = DB237CCA296FFF16008DE25A /* CoreDataNSAttributedStringTransformerExample.xcdatamodel */;
			path = CoreDataNSAttributedStringTransformerExample.xcdatamodeld;
			sourceTree = "<group>";
			versionGroupType = wrapper.xcdatamodel;
		};
/* End XCVersionGroup section */
	};
	rootObject = DB237CBA296FFF16008DE25A /* Project object */;
}
